
Microsoft Visual Studio Solution File, Format Version 12.00
# Visual Studio Version 17
VisualStudioVersion = 17.0.32014.148
MinimumVisualStudioVersion = 10.0.40219.1
Project("{FAE04EC0-301F-11D3-BF4B-00C04F79EFBC}") = "POO3C1T_50_ThiagoFreire", "POO3C1T_50_ThiagoFreire\POO3C1T_50_ThiagoFreire.csproj", "{1C6E7E96-D956-432D-9972-8927025B4D84}"
EndProject
Global
	GlobalSection(SolutionConfigurationPlatforms) = preSolution
		Debug|Any CPU = Debug|Any CPU
		Release|Any CPU = Release|Any CPU
	EndGlobalSection
	GlobalSection(ProjectConfigurationPlatforms) = postSolution
		{1C6E7E96-D956-432D-9972-8927025B4D84}.Debug|Any CPU.ActiveCfg = Debug|Any CPU
		{1C6E7E96-D956-432D-9972-8927025B4D84}.Debug|Any CPU.Build.0 = Debug|Any CPU
		{1C6E7E96-D956-432D-9972-8927025B4D84}.Release|Any CPU.ActiveCfg = Release|Any CPU
		{1C6E7E96-D956-432D-9972-8927025B4D84}.Release|Any CPU.Build.0 = Release|Any CPU
	EndGlobalSection
	GlobalSection(SolutionProperties) = preSolution
		HideSolutionNode = FALSE
	EndGlobalSection
	GlobalSection(ExtensibilityGlobals) = postSolution
		SolutionGuid = {FC5DF67C-D80E-4255-9AFE-2EF634C6BBA0}
	EndGlobalSection
EndGlobal
